PODS:
  - React (0.11.0):
    - React/Core (= 0.11.0)
  - React/Core (0.11.0)
  - RNCAsyncStorage (1.7.0):
    - React

DEPENDENCIES:
  - "RNCAsyncStorage (from `../node_modules/@react-native-community/async-storage`)"

SPEC REPOS:
  trunk:
    - React

EXTERNAL SOURCES:
  RNCAsyncStorage:
    :path: "../node_modules/@react-native-community/async-storage"

SPEC CHECKSUMS:
  React: ab1a2e21deb34965c38328d5ec40cc7d12c6050a
  RNCAsyncStorage: e9f3eb4fbd5d0d1713051ffbd60968110172d6e9

PODFILE CHECKSUM: 29f1dd23705710c5a98bcf644a057feb33f59e49

COCOAPODS: 1.8.4
